
Microsoft Visual Studio Solution File, Format Version 12.00
# Visual Studio Version 17
VisualStudioVersion = 17.8.34525.116
MinimumVisualStudioVersion = 10.0.40219.1
Project("{8BC9CEB8-8B4A-11D0-8D11-00A0C91BC942}") = "1.Life", "1.Life.vcxproj", "{218D7AFB-CEEF-436F-B977-646467A7C8D0}"
EndProject
Global
	GlobalSection(SolutionConfigurationPlatforms) = preSolution
		Debug|x64 = Debug|x64
		Debug|x86 = Debug|x86
		Release|x64 = Release|x64
		Release|x86 = Release|x86
	EndGlobalSection
	GlobalSection(ProjectConfigurationPlatforms) = postSolution
		{218D7AFB-CEEF-436F-B977-646467A7C8D0}.Debug|x64.ActiveCfg = Debug|x64
		{218D7AFB-CEEF-436F-B977-646467A7C8D0}.Debug|x64.Build.0 = Debug|x64
		{218D7AFB-CEEF-436F-B977-646467A7C8D0}.Debug|x86.ActiveCfg = Debug|Win32
		{218D7AFB-CEEF-436F-B977-646467A7C8D0}.Debug|x86.Build.0 = Debug|Win32
		{218D7AFB-CEEF-436F-B977-646467A7C8D0}.Release|x64.ActiveCfg = Release|x64
		{218D7AFB-CEEF-436F-B977-646467A7C8D0}.Release|x64.Build.0 = Release|x64
		{218D7AFB-CEEF-436F-B977-646467A7C8D0}.Release|x86.ActiveCfg = Release|Win32
		{218D7AFB-CEEF-436F-B977-646467A7C8D0}.Release|x86.Build.0 = Release|Win32
	EndGlobalSection
	GlobalSection(SolutionProperties) = preSolution
		HideSolutionNode = FALSE
	EndGlobalSection
	GlobalSection(ExtensibilityGlobals) = postSolution
		SolutionGuid = {83655073-4C9C-4448-8EE8-1A6EEDB9DB7D}
	EndGlobalSection
EndGlobal
